// !$*UTF8*$!
{
	archiveVersion = 1;
	classes = {
	};
	objectVersion = 50;
	objects = {

/* Begin PBXBuildFile section */
		C2192F4D22D32E07005D2756 /* CSContactDetailPresenter.swift in Sources */ = {isa = PBXBuildFile; fileRef = C2192F4C22D32E07005D2756 /* CSContactDetailPresenter.swift */; };
		C2192F5022D33036005D2756 /* CSContactDetailResponse.swift in Sources */ = {isa = PBXBuildFile; fileRef = C2192F4F22D33036005D2756 /* CSContactDetailResponse.swift */; };
		C2192F5222D359CB005D2756 /* CSAddEditContactPresenter.swift in Sources */ = {isa = PBXBuildFile; fileRef = C2192F5122D359CB005D2756 /* CSAddEditContactPresenter.swift */; };
		C219BAC422D1AE410010A87C /* CSContactDetailViewController.swift in Sources */ = {isa = PBXBuildFile; fileRef = C219BAC322D1AE410010A87C /* CSContactDetailViewController.swift */; };
		C219BAC822D1AF340010A87C /* CSAddEditContactViewController.swift in Sources */ = {isa = PBXBuildFile; fileRef = C219BAC722D1AF340010A87C /* CSAddEditContactViewController.swift */; };
		C21A424222D246DC005F5A4E /* CSDetailFieldTableViewCell.swift in Sources */ = {isa = PBXBuildFile; fileRef = C21A424022D246DC005F5A4E /* CSDetailFieldTableViewCell.swift */; };
		C21A424322D246DC005F5A4E /* CSDetailFieldTableViewCell.xib in Resources */ = {isa = PBXBuildFile; fileRef = C21A424122D246DC005F5A4E /* CSDetailFieldTableViewCell.xib */; };
		C21D637622D4E0FB001BD028 /* CSNetworkAgentTests.swift in Sources */ = {isa = PBXBuildFile; fileRef = C21D637522D4E0FB001BD028 /* CSNetworkAgentTests.swift */; };
		C21D637822D4E39C001BD028 /* CSExtensionsTests.swift in Sources */ = {isa = PBXBuildFile; fileRef = C21D637722D4E39C001BD028 /* CSExtensionsTests.swift */; };
		C21D637A22D50318001BD028 /* CSHomePresenterTests.swift in Sources */ = {isa = PBXBuildFile; fileRef = C21D637922D50318001BD028 /* CSHomePresenterTests.swift */; };
		C2779C6B22D51BD500279F11 /* Contacts.json in Resources */ = {isa = PBXBuildFile; fileRef = C21A424522D272F3005F5A4E /* Contacts.json */; };
		C2779C6D22D529D400279F11 /* CSContactDetailPresenterTests.swift in Sources */ = {isa = PBXBuildFile; fileRef = C2779C6C22D529D400279F11 /* CSContactDetailPresenterTests.swift */; };
		C2779C6F22D529F200279F11 /* CSAddEditContactPresenterTests.swift in Sources */ = {isa = PBXBuildFile; fileRef = C2779C6E22D529F200279F11 /* CSAddEditContactPresenterTests.swift */; };
		C2779C7122D52C9700279F11 /* ContactDetail.json in Resources */ = {isa = PBXBuildFile; fileRef = C2779C7022D52C9700279F11 /* ContactDetail.json */; };
		C2779C7422D52D1900279F11 /* ContactAdd.json in Resources */ = {isa = PBXBuildFile; fileRef = C2779C7222D52D1900279F11 /* ContactAdd.json */; };
		C2779C7522D52D1900279F11 /* ContactDetailEdit.json in Resources */ = {isa = PBXBuildFile; fileRef = C2779C7322D52D1900279F11 /* ContactDetailEdit.json */; };
		C2FEE49122D127C500518CF4 /* CSAppDelegate.swift in Sources */ = {isa = PBXBuildFile; fileRef = C2FEE49022D127C500518CF4 /* CSAppDelegate.swift */; };
		C2FEE49322D127C500518CF4 /* CSContactsViewController.swift in Sources */ = {isa = PBXBuildFile; fileRef = C2FEE49222D127C500518CF4 /* CSContactsViewController.swift */; };
		C2FEE49622D127C600518CF4 /* Main.storyboard in Resources */ = {isa = PBXBuildFile; fileRef = C2FEE49422D127C600518CF4 /* Main.storyboard */; };
		C2FEE49822D127D800518CF4 /* Assets.xcassets in Resources */ = {isa = PBXBuildFile; fileRef = C2FEE49722D127D800518CF4 /* Assets.xcassets */; };
		C2FEE49B22D127D800518CF4 /* LaunchScreen.storyboard in Resources */ = {isa = PBXBuildFile; fileRef = C2FEE49922D127D800518CF4 /* LaunchScreen.storyboard */; };
		C2FEE4A622D127DD00518CF4 /* ContactSampleTests.swift in Sources */ = {isa = PBXBuildFile; fileRef = C2FEE4A522D127DD00518CF4 /* ContactSampleTests.swift */; };
		C2FEE4B122D127DD00518CF4 /* ContactSampleUITests.swift in Sources */ = {isa = PBXBuildFile; fileRef = C2FEE4B022D127DD00518CF4 /* ContactSampleUITests.swift */; };
		C2FEE4CE22D12DCC00518CF4 /* CSConstants.swift in Sources */ = {isa = PBXBuildFile; fileRef = C2FEE4CD22D12DCC00518CF4 /* CSConstants.swift */; };
		C2FEE4D022D12DE700518CF4 /* CSNetworkConstants.swift in Sources */ = {isa = PBXBuildFile; fileRef = C2FEE4CF22D12DE700518CF4 /* CSNetworkConstants.swift */; };
		C2FEE4D222D12E0200518CF4 /* CSStoryboardExtension.swift in Sources */ = {isa = PBXBuildFile; fileRef = C2FEE4D122D12E0200518CF4 /* CSStoryboardExtension.swift */; };
		C2FEE4D422D12E1300518CF4 /* CSExtensions.swift in Sources */ = {isa = PBXBuildFile; fileRef = C2FEE4D322D12E1300518CF4 /* CSExtensions.swift */; };
		C2FEE4D622D12F1700518CF4 /* CSAgentProtocol.swift in Sources */ = {isa = PBXBuildFile; fileRef = C2FEE4D522D12F1700518CF4 /* CSAgentProtocol.swift */; };
		C2FEE4D822D12F2C00518CF4 /* CSBaseAgent.swift in Sources */ = {isa = PBXBuildFile; fileRef = C2FEE4D722D12F2C00518CF4 /* CSBaseAgent.swift */; };
		C2FEE4DA22D12F3F00518CF4 /* CSNetworkAgent.swift in Sources */ = {isa = PBXBuildFile; fileRef = C2FEE4D922D12F3F00518CF4 /* CSNetworkAgent.swift */; };
		C2FEE4DC22D12F5100518CF4 /* CSLocalAgent.swift in Sources */ = {isa = PBXBuildFile; fileRef = C2FEE4DB22D12F5100518CF4 /* CSLocalAgent.swift */; };
		C2FEE4DE22D12F6400518CF4 /* CSAPIManager.swift in Sources */ = {isa = PBXBuildFile; fileRef = C2FEE4DD22D12F6400518CF4 /* CSAPIManager.swift */; };
		C2FEE4E022D12F7600518CF4 /* CSEndPoint.swift in Sources */ = {isa = PBXBuildFile; fileRef = C2FEE4DF22D12F7600518CF4 /* CSEndPoint.swift */; };
		C2FEE4E222D12F8600518CF4 /* CSRequestable.swift in Sources */ = {isa = PBXBuildFile; fileRef = C2FEE4E122D12F8600518CF4 /* CSRequestable.swift */; };
		C2FEE4E422D12F9700518CF4 /* CSResponse.swift in Sources */ = {isa = PBXBuildFile; fileRef = C2FEE4E322D12F9700518CF4 /* CSResponse.swift */; };
		C2FEE4E622D12FA500518CF4 /* CSResponseBaseModel.swift in Sources */ = {isa = PBXBuildFile; fileRef = C2FEE4E522D12FA500518CF4 /* CSResponseBaseModel.swift */; };
		C2FEE4E822D130C100518CF4 /* CSContactTableViewCell.swift in Sources */ = {isa = PBXBuildFile; fileRef = C2FEE4E722D130C100518CF4 /* CSContactTableViewCell.swift */; };
		C2FEE4EA22D1334700518CF4 /* CSHomeRequest.swift in Sources */ = {isa = PBXBuildFile; fileRef = C2FEE4E922D1334700518CF4 /* CSHomeRequest.swift */; };
		C2FEE4EC22D1339E00518CF4 /* CSHomePresenter.swift in Sources */ = {isa = PBXBuildFile; fileRef = C2FEE4EB22D1339E00518CF4 /* CSHomePresenter.swift */; };
		C2FEE4EE22D134DC00518CF4 /* CSContact.swift in Sources */ = {isa = PBXBuildFile; fileRef = C2FEE4ED22D134DC00518CF4 /* CSContact.swift */; };
		C2FEE4F022D13D0500518CF4 /* CSContactResponse.swift in Sources */ = {isa = PBXBuildFile; fileRef = C2FEE4EF22D13D0500518CF4 /* CSContactResponse.swift */; };
		C2FEE4F322D1499F00518CF4 /* CSAppearanceManager.swift in Sources */ = {isa = PBXBuildFile; fileRef = C2FEE4F222D1499F00518CF4 /* CSAppearanceManager.swift */; };
/* End PBXBuildFile section */

/* Begin PBXContainerItemProxy section */
		C2FEE4A222D127DC00518CF4 /* PBXContainerItemProxy */ = {
			isa = PBXContainerItemProxy;
			containerPortal = C2FEE48522D127C500518CF4 /* Project object */;
			proxyType = 1;
			remoteGlobalIDString = C2FEE48C22D127C500518CF4;
			remoteInfo = ContactSample;
		};
		C2FEE4AD22D127DD00518CF4 /* PBXContainerItemProxy */ = {
			isa = PBXContainerItemProxy;
			containerPortal = C2FEE48522D127C500518CF4 /* Project object */;
			proxyType = 1;
			remoteGlobalIDString = C2FEE48C22D127C500518CF4;
			remoteInfo = ContactSample;
		};
/* End PBXContainerItemProxy section */

/* Begin PBXFileReference section */
		C2192F4C22D32E07005D2756 /* CSContactDetailPresenter.swift */ = {isa = PBXFileReference; lastKnownFileType = sourcecode.swift; path = CSContactDetailPresenter.swift; sourceTree = "<group>"; };
		C2192F4F22D33036005D2756 /* CSContactDetailResponse.swift */ = {isa = PBXFileReference; lastKnownFileType = sourcecode.swift; path = CSContactDetailResponse.swift; sourceTree = "<group>"; };
		C2192F5122D359CB005D2756 /* CSAddEditContactPresenter.swift */ = {isa = PBXFileReference; lastKnownFileType = sourcecode.swift; path = CSAddEditContactPresenter.swift; sourceTree = "<group>"; };
		C219BAC322D1AE410010A87C /* CSContactDetailViewController.swift */ = {isa = PBXFileReference; lastKnownFileType = sourcecode.swift; path = CSContactDetailViewController.swift; sourceTree = "<group>"; };
		C219BAC722D1AF340010A87C /* CSAddEditContactViewController.swift */ = {isa = PBXFileReference; lastKnownFileType = sourcecode.swift; path = CSAddEditContactViewController.swift; sourceTree = "<group>"; };
		C21A424022D246DC005F5A4E /* CSDetailFieldTableViewCell.swift */ = {isa = PBXFileReference; lastKnownFileType = sourcecode.swift; path = CSDetailFieldTableViewCell.swift; sourceTree = "<group>"; };
		C21A424122D246DC005F5A4E /* CSDetailFieldTableViewCell.xib */ = {isa = PBXFileReference; lastKnownFileType = file.xib; path = CSDetailFieldTableViewCell.xib; sourceTree = "<group>"; };
		C21A424522D272F3005F5A4E /* Contacts.json */ = {isa = PBXFileReference; lastKnownFileType = text.json; path = Contacts.json; sourceTree = "<group>"; };
		C21D637522D4E0FB001BD028 /* CSNetworkAgentTests.swift */ = {isa = PBXFileReference; lastKnownFileType = sourcecode.swift; path = CSNetworkAgentTests.swift; sourceTree = "<group>"; };
		C21D637722D4E39C001BD028 /* CSExtensionsTests.swift */ = {isa = PBXFileReference; lastKnownFileType = sourcecode.swift; path = CSExtensionsTests.swift; sourceTree = "<group>"; };
		C21D637922D50318001BD028 /* CSHomePresenterTests.swift */ = {isa = PBXFileReference; lastKnownFileType = sourcecode.swift; path = CSHomePresenterTests.swift; sourceTree = "<group>"; };
		C2779C6C22D529D400279F11 /* CSContactDetailPresenterTests.swift */ = {isa = PBXFileReference; lastKnownFileType = sourcecode.swift; path = CSContactDetailPresenterTests.swift; sourceTree = "<group>"; };
		C2779C6E22D529F200279F11 /* CSAddEditContactPresenterTests.swift */ = {isa = PBXFileReference; lastKnownFileType = sourcecode.swift; path = CSAddEditContactPresenterTests.swift; sourceTree = "<group>"; };
		C2779C7022D52C9700279F11 /* ContactDetail.json */ = {isa = PBXFileReference; fileEncoding = 4; lastKnownFileType = text.json; path = ContactDetail.json; sourceTree = "<group>"; };
		C2779C7222D52D1900279F11 /* ContactAdd.json */ = {isa = PBXFileReference; fileEncoding = 4; lastKnownFileType = text.json; path = ContactAdd.json; sourceTree = "<group>"; };
		C2779C7322D52D1900279F11 /* ContactDetailEdit.json */ = {isa = PBXFileReference; fileEncoding = 4; lastKnownFileType = text.json; path = ContactDetailEdit.json; sourceTree = "<group>"; };
		C2FEE48D22D127C500518CF4 /* ContactSample.app */ = {isa = PBXFileReference; explicitFileType = wrapper.application; includeInIndex = 0; path = ContactSample.app; sourceTree = BUILT_PRODUCTS_DIR; };
		C2FEE49022D127C500518CF4 /* CSAppDelegate.swift */ = {isa = PBXFileReference; lastKnownFileType = sourcecode.swift; path = CSAppDelegate.swift; sourceTree = "<group>"; };
		C2FEE49222D127C500518CF4 /* CSContactsViewController.swift */ = {isa = PBXFileReference; lastKnownFileType = sourcecode.swift; path = CSContactsViewController.swift; sourceTree = "<group>"; };
		C2FEE49522D127C600518CF4 /* Base */ = {isa = PBXFileReference; lastKnownFileType = file.storyboard; name = Base; path = Base.lproj/Main.storyboard; sourceTree = "<group>"; };
		C2FEE49722D127D800518CF4 /* Assets.xcassets */ = {isa = PBXFileReference; lastKnownFileType = folder.assetcatalog; path = Assets.xcassets; sourceTree = "<group>"; };
		C2FEE49A22D127D800518CF4 /* Base */ = {isa = PBXFileReference; lastKnownFileType = file.storyboard; name = Base; path = Base.lproj/LaunchScreen.storyboard; sourceTree = "<group>"; };
		C2FEE49C22D127D800518CF4 /* Info.plist */ = {isa = PBXFileReference; lastKnownFileType = text.plist.xml; path = Info.plist; sourceTree = "<group>"; };
		C2FEE4A122D127DC00518CF4 /* ContactSampleTests.xctest */ = {isa = PBXFileReference; explicitFileType = wrapper.cfbundle; includeInIndex = 0; path = ContactSampleTests.xctest; sourceTree = BUILT_PRODUCTS_DIR; };
		C2FEE4A522D127DD00518CF4 /* ContactSampleTests.swift */ = {isa = PBXFileReference; lastKnownFileType = sourcecode.swift; path = ContactSampleTests.swift; sourceTree = "<group>"; };
		C2FEE4A722D127DD00518CF4 /* Info.plist */ = {isa = PBXFileReference; lastKnownFileType = text.plist.xml; path = Info.plist; sourceTree = "<group>"; };
		C2FEE4AC22D127DD00518CF4 /* ContactSampleUITests.xctest */ = {isa = PBXFileReference; explicitFileType = wrapper.cfbundle; includeInIndex = 0; path = ContactSampleUITests.xctest; sourceTree = BUILT_PRODUCTS_DIR; };
		C2FEE4B022D127DD00518CF4 /* ContactSampleUITests.swift */ = {isa = PBXFileReference; lastKnownFileType = sourcecode.swift; path = ContactSampleUITests.swift; sourceTree = "<group>"; };
		C2FEE4B222D127DD00518CF4 /* Info.plist */ = {isa = PBXFileReference; lastKnownFileType = text.plist.xml; path = Info.plist; sourceTree = "<group>"; };
		C2FEE4CD22D12DCC00518CF4 /* CSConstants.swift */ = {isa = PBXFileReference; lastKnownFileType = sourcecode.swift; path = CSConstants.swift; sourceTree = "<group>"; };
		C2FEE4CF22D12DE700518CF4 /* CSNetworkConstants.swift */ = {isa = PBXFileReference; lastKnownFileType = sourcecode.swift; path = CSNetworkConstants.swift; sourceTree = "<group>"; };
		C2FEE4D122D12E0200518CF4 /* CSStoryboardExtension.swift */ = {isa = PBXFileReference; lastKnownFileType = sourcecode.swift; path = CSStoryboardExtension.swift; sourceTree = "<group>"; };
		C2FEE4D322D12E1300518CF4 /* CSExtensions.swift */ = {isa = PBXFileReference; lastKnownFileType = sourcecode.swift; path = CSExtensions.swift; sourceTree = "<group>"; };
		C2FEE4D522D12F1700518CF4 /* CSAgentProtocol.swift */ = {isa = PBXFileReference; lastKnownFileType = sourcecode.swift; path = CSAgentProtocol.swift; sourceTree = "<group>"; };
		C2FEE4D722D12F2C00518CF4 /* CSBaseAgent.swift */ = {isa = PBXFileReference; lastKnownFileType = sourcecode.swift; path = CSBaseAgent.swift; sourceTree = "<group>"; };
		C2FEE4D922D12F3F00518CF4 /* CSNetworkAgent.swift */ = {isa = PBXFileReference; lastKnownFileType = sourcecode.swift; path = CSNetworkAgent.swift; sourceTree = "<group>"; };
		C2FEE4DB22D12F5100518CF4 /* CSLocalAgent.swift */ = {isa = PBXFileReference; lastKnownFileType = sourcecode.swift; path = CSLocalAgent.swift; sourceTree = "<group>"; };
		C2FEE4DD22D12F6400518CF4 /* CSAPIManager.swift */ = {isa = PBXFileReference; lastKnownFileType = sourcecode.swift; path = CSAPIManager.swift; sourceTree = "<group>"; };
		C2FEE4DF22D12F7600518CF4 /* CSEndPoint.swift */ = {isa = PBXFileReference; lastKnownFileType = sourcecode.swift; path = CSEndPoint.swift; sourceTree = "<group>"; };
		C2FEE4E122D12F8600518CF4 /* CSRequestable.swift */ = {isa = PBXFileReference; lastKnownFileType = sourcecode.swift; path = CSRequestable.swift; sourceTree = "<group>"; };
		C2FEE4E322D12F9700518CF4 /* CSResponse.swift */ = {isa = PBXFileReference; lastKnownFileType = sourcecode.swift; path = CSResponse.swift; sourceTree = "<group>"; };
		C2FEE4E522D12FA500518CF4 /* CSResponseBaseModel.swift */ = {isa = PBXFileReference; lastKnownFileType = sourcecode.swift; path = CSResponseBaseModel.swift; sourceTree = "<group>"; };
		C2FEE4E722D130C100518CF4 /* CSContactTableViewCell.swift */ = {isa = PBXFileReference; lastKnownFileType = sourcecode.swift; path = CSContactTableViewCell.swift; sourceTree = "<group>"; };
		C2FEE4E922D1334700518CF4 /* CSHomeRequest.swift */ = {isa = PBXFileReference; lastKnownFileType = sourcecode.swift; path = CSHomeRequest.swift; sourceTree = "<group>"; };
		C2FEE4EB22D1339E00518CF4 /* CSHomePresenter.swift */ = {isa = PBXFileReference; lastKnownFileType = sourcecode.swift; path = CSHomePresenter.swift; sourceTree = "<group>"; };
		C2FEE4ED22D134DC00518CF4 /* CSContact.swift */ = {isa = PBXFileReference; lastKnownFileType = sourcecode.swift; path = CSContact.swift; sourceTree = "<group>"; };
		C2FEE4EF22D13D0500518CF4 /* CSContactResponse.swift */ = {isa = PBXFileReference; lastKnownFileType = sourcecode.swift; path = CSContactResponse.swift; sourceTree = "<group>"; };
		C2FEE4F222D1499F00518CF4 /* CSAppearanceManager.swift */ = {isa = PBXFileReference; lastKnownFileType = sourcecode.swift; path = CSAppearanceManager.swift; sourceTree = "<group>"; };
/* End PBXFileReference section */

/* Begin PBXFrameworksBuildPhase section */
		C2FEE48A22D127C500518CF4 /* Frameworks */ = {
			isa = PBXFrameworksBuildPhase;
			buildActionMask = 2147483647;
			files = (
			);
			runOnlyForDeploymentPostprocessing = 0;
		};
		C2FEE49E22D127DC00518CF4 /* Frameworks */ = {
			isa = PBXFrameworksBuildPhase;
			buildActionMask = 2147483647;
			files = (
			);
			runOnlyForDeploymentPostprocessing = 0;
		};
		C2FEE4A922D127DD00518CF4 /* Frameworks */ = {
			isa = PBXFrameworksBuildPhase;
			buildActionMask = 2147483647;
			files = (
			);
			runOnlyForDeploymentPostprocessing = 0;
		};
/* End PBXFrameworksBuildPhase section */

/* Begin PBXGroup section */
		C2192F4B22D32DD3005D2756 /* Presenters */ = {
			isa = PBXGroup;
			children = (
				C2192F4C22D32E07005D2756 /* CSContactDetailPresenter.swift */,
				C2192F5122D359CB005D2756 /* CSAddEditContactPresenter.swift */,
			);
			path = Presenters;
			sourceTree = "<group>";
		};
		C2192F4E22D33014005D2756 /* Responses */ = {
			isa = PBXGroup;
			children = (
				C2192F4F22D33036005D2756 /* CSContactDetailResponse.swift */,
			);
			path = Responses;
			sourceTree = "<group>";
		};
		C219BAC222D1AD070010A87C /* ContactDetail */ = {
			isa = PBXGroup;
			children = (
				C2192F4E22D33014005D2756 /* Responses */,
				C2192F4B22D32DD3005D2756 /* Presenters */,
				C21A423F22D2466B005F5A4E /* Views */,
				C219BAC522D1AE940010A87C /* Controllers */,
			);
			path = ContactDetail;
			sourceTree = "<group>";
		};
		C219BAC522D1AE940010A87C /* Controllers */ = {
			isa = PBXGroup;
			children = (
				C219BAC322D1AE410010A87C /* CSContactDetailViewController.swift */,
				C219BAC722D1AF340010A87C /* CSAddEditContactViewController.swift */,
			);
			path = Controllers;
			sourceTree = "<group>";
		};
		C21A423F22D2466B005F5A4E /* Views */ = {
			isa = PBXGroup;
			children = (
				C21A424022D246DC005F5A4E /* CSDetailFieldTableViewCell.swift */,
				C21A424122D246DC005F5A4E /* CSDetailFieldTableViewCell.xib */,
			);
			path = Views;
			sourceTree = "<group>";
		};
		C21A424422D272D6005F5A4E /* Resources */ = {
			isa = PBXGroup;
			children = (
				C21A424522D272F3005F5A4E /* Contacts.json */,
				C2779C7022D52C9700279F11 /* ContactDetail.json */,
				C2779C7322D52D1900279F11 /* ContactDetailEdit.json */,
				C2779C7222D52D1900279F11 /* ContactAdd.json */,
			);
			path = Resources;
			sourceTree = "<group>";
		};
		C2FEE48422D127C500518CF4 = {
			isa = PBXGroup;
			children = (
				C2FEE48F22D127C500518CF4 /* ContactSample */,
				C2FEE4A422D127DC00518CF4 /* ContactSampleTests */,
				C2FEE4AF22D127DD00518CF4 /* ContactSampleUITests */,
				C2FEE48E22D127C500518CF4 /* Products */,
			);
			sourceTree = "<group>";
		};
		C2FEE48E22D127C500518CF4 /* Products */ = {
			isa = PBXGroup;
			children = (
				C2FEE48D22D127C500518CF4 /* ContactSample.app */,
				C2FEE4A122D127DC00518CF4 /* ContactSampleTests.xctest */,
				C2FEE4AC22D127DD00518CF4 /* ContactSampleUITests.xctest */,
			);
			name = Products;
			sourceTree = "<group>";
		};
		C2FEE48F22D127C500518CF4 /* ContactSample */ = {
			isa = PBXGroup;
			children = (
				C2FEE4BE22D12C7300518CF4 /* Source */,
				C21A424422D272D6005F5A4E /* Resources */,
				C2FEE49022D127C500518CF4 /* CSAppDelegate.swift */,
				C2FEE49422D127C600518CF4 /* Main.storyboard */,
				C2FEE49722D127D800518CF4 /* Assets.xcassets */,
				C2FEE49922D127D800518CF4 /* LaunchScreen.storyboard */,
				C2FEE49C22D127D800518CF4 /* Info.plist */,
			);
			path = ContactSample;
			sourceTree = "<group>";
		};
		C2FEE4A422D127DC00518CF4 /* ContactSampleTests */ = {
			isa = PBXGroup;
			children = (
				C21D637522D4E0FB001BD028 /* CSNetworkAgentTests.swift */,
				C21D637722D4E39C001BD028 /* CSExtensionsTests.swift */,
				C2FEE4A522D127DD00518CF4 /* ContactSampleTests.swift */,
				C2FEE4A722D127DD00518CF4 /* Info.plist */,
				C21D637922D50318001BD028 /* CSHomePresenterTests.swift */,
				C2779C6C22D529D400279F11 /* CSContactDetailPresenterTests.swift */,
				C2779C6E22D529F200279F11 /* CSAddEditContactPresenterTests.swift */,
			);
			path = ContactSampleTests;
			sourceTree = "<group>";
		};
		C2FEE4AF22D127DD00518CF4 /* ContactSampleUITests */ = {
			isa = PBXGroup;
			children = (
				C2FEE4B022D127DD00518CF4 /* ContactSampleUITests.swift */,
				C2FEE4B222D127DD00518CF4 /* Info.plist */,
			);
			path = ContactSampleUITests;
			sourceTree = "<group>";
		};
		C2FEE4BE22D12C7300518CF4 /* Source */ = {
			isa = PBXGroup;
			children = (
				C219BAC222D1AD070010A87C /* ContactDetail */,
				C2FEE4C022D12CAB00518CF4 /* Network */,
				C2FEE4BF22D12C9100518CF4 /* Models */,
				C2FEE4C522D12CEB00518CF4 /* Common */,
				C2FEE4C722D12D1B00518CF4 /* Home */,
			);
			path = Source;
			sourceTree = "<group>";
		};
		C2FEE4BF22D12C9100518CF4 /* Models */ = {
			isa = PBXGroup;
			children = (
				C2FEE4ED22D134DC00518CF4 /* CSContact.swift */,
			);
			path = Models;
			sourceTree = "<group>";
		};
		C2FEE4C022D12CAB00518CF4 /* Network */ = {
			isa = PBXGroup;
			children = (
				C2FEE4C422D12CDD00518CF4 /* Clients */,
				C2FEE4C322D12CD200518CF4 /* Interface */,
				C2FEE4C222D12CC700518CF4 /* Requests */,
				C2FEE4C122D12CBB00518CF4 /* Response */,
			);
			path = Network;
			sourceTree = "<group>";
		};
		C2FEE4C122D12CBB00518CF4 /* Response */ = {
			isa = PBXGroup;
			children = (
				C2FEE4E322D12F9700518CF4 /* CSResponse.swift */,
				C2FEE4E522D12FA500518CF4 /* CSResponseBaseModel.swift */,
			);
			path = Response;
			sourceTree = "<group>";
		};
		C2FEE4C222D12CC700518CF4 /* Requests */ = {
			isa = PBXGroup;
			children = (
				C2FEE4DF22D12F7600518CF4 /* CSEndPoint.swift */,
				C2FEE4E122D12F8600518CF4 /* CSRequestable.swift */,
			);
			path = Requests;
			sourceTree = "<group>";
		};
		C2FEE4C322D12CD200518CF4 /* Interface */ = {
			isa = PBXGroup;
			children = (
				C2FEE4DD22D12F6400518CF4 /* CSAPIManager.swift */,
			);
			path = Interface;
			sourceTree = "<group>";
		};
		C2FEE4C422D12CDD00518CF4 /* Clients */ = {
			isa = PBXGroup;
			children = (
				C2FEE4D522D12F1700518CF4 /* CSAgentProtocol.swift */,
				C2FEE4D722D12F2C00518CF4 /* CSBaseAgent.swift */,
				C2FEE4D922D12F3F00518CF4 /* CSNetworkAgent.swift */,
				C2FEE4DB22D12F5100518CF4 /* CSLocalAgent.swift */,
			);
			path = Clients;
			sourceTree = "<group>";
		};
		C2FEE4C522D12CEB00518CF4 /* Common */ = {
			isa = PBXGroup;
			children = (
				C2FEE4F122D1445C00518CF4 /* Appearance */,
				C2FEE4C622D12CFC00518CF4 /* Utilities */,
				C2FEE4CD22D12DCC00518CF4 /* CSConstants.swift */,
				C2FEE4CF22D12DE700518CF4 /* CSNetworkConstants.swift */,
			);
			path = Common;
			sourceTree = "<group>";
		};
		C2FEE4C622D12CFC00518CF4 /* Utilities */ = {
			isa = PBXGroup;
			children = (
				C2FEE4D122D12E0200518CF4 /* CSStoryboardExtension.swift */,
				C2FEE4D322D12E1300518CF4 /* CSExtensions.swift */,
			);
			path = Utilities;
			sourceTree = "<group>";
		};
		C2FEE4C722D12D1B00518CF4 /* Home */ = {
			isa = PBXGroup;
			children = (
				C2FEE4CC22D12D4700518CF4 /* Views */,
				C2FEE4CB22D12D3E00518CF4 /* Response */,
				C2FEE4CA22D12D3600518CF4 /* Request */,
				C2FEE4C922D12D2D00518CF4 /* Presenter */,
				C2FEE4C822D12D2200518CF4 /* Controllers */,
			);
			path = Home;
			sourceTree = "<group>";
		};
		C2FEE4C822D12D2200518CF4 /* Controllers */ = {
			isa = PBXGroup;
			children = (
				C2FEE49222D127C500518CF4 /* CSContactsViewController.swift */,
			);
			path = Controllers;
			sourceTree = "<group>";
		};
		C2FEE4C922D12D2D00518CF4 /* Presenter */ = {
			isa = PBXGroup;
			children = (
				C2FEE4EB22D1339E00518CF4 /* CSHomePresenter.swift */,
			);
			path = Presenter;
			sourceTree = "<group>";
		};
		C2FEE4CA22D12D3600518CF4 /* Request */ = {
			isa = PBXGroup;
			children = (
				C2FEE4E922D1334700518CF4 /* CSHomeRequest.swift */,
			);
			path = Request;
			sourceTree = "<group>";
		};
		C2FEE4CB22D12D3E00518CF4 /* Response */ = {
			isa = PBXGroup;
			children = (
				C2FEE4EF22D13D0500518CF4 /* CSContactResponse.swift */,
			);
			path = Response;
			sourceTree = "<group>";
		};
		C2FEE4CC22D12D4700518CF4 /* Views */ = {
			isa = PBXGroup;
			children = (
				C2FEE4E722D130C100518CF4 /* CSContactTableViewCell.swift */,
			);
			path = Views;
			sourceTree = "<group>";
		};
		C2FEE4F122D1445C00518CF4 /* Appearance */ = {
			isa = PBXGroup;
			children = (
				C2FEE4F222D1499F00518CF4 /* CSAppearanceManager.swift */,
			);
			path = Appearance;
			sourceTree = "<group>";
		};
/* End PBXGroup section */

/* Begin PBXNativeTarget section */
		C2FEE48C22D127C500518CF4 /* ContactSample */ = {
			isa = PBXNativeTarget;
			buildConfigurationList = C2FEE4B522D127DD00518CF4 /* Build configuration list for PBXNativeTarget "ContactSample" */;
			buildPhases = (
				C2FEE48922D127C500518CF4 /* Sources */,
				C2FEE48A22D127C500518CF4 /* Frameworks */,
				C2FEE48B22D127C500518CF4 /* Resources */,
			);
			buildRules = (
			);
			dependencies = (
			);
			name = ContactSample;
			productName = ContactSample;
			productReference = C2FEE48D22D127C500518CF4 /* ContactSample.app */;
			productType = "com.apple.product-type.application";
		};
		C2FEE4A022D127DC00518CF4 /* ContactSampleTests */ = {
			isa = PBXNativeTarget;
			buildConfigurationList = C2FEE4B822D127DD00518CF4 /* Build configuration list for PBXNativeTarget "ContactSampleTests" */;
			buildPhases = (
				C2FEE49D22D127DC00518CF4 /* Sources */,
				C2FEE49E22D127DC00518CF4 /* Frameworks */,
				C2FEE49F22D127DC00518CF4 /* Resources */,
			);
			buildRules = (
			);
			dependencies = (
				C2FEE4A322D127DC00518CF4 /* PBXTargetDependency */,
			);
			name = ContactSampleTests;
			productName = ContactSampleTests;
			productReference = C2FEE4A122D127DC00518CF4 /* ContactSampleTests.xctest */;
			productType = "com.apple.product-type.bundle.unit-test";
		};
		C2FEE4AB22D127DD00518CF4 /* ContactSampleUITests */ = {
			isa = PBXNativeTarget;
			buildConfigurationList = C2FEE4BB22D127DD00518CF4 /* Build configuration list for PBXNativeTarget "ContactSampleUITests" */;
			buildPhases = (
				C2FEE4A822D127DD00518CF4 /* Sources */,
				C2FEE4A922D127DD00518CF4 /* Frameworks */,
				C2FEE4AA22D127DD00518CF4 /* Resources */,
			);
			buildRules = (
			);
			dependencies = (
				C2FEE4AE22D127DD00518CF4 /* PBXTargetDependency */,
			);
			name = ContactSampleUITests;
			productName = ContactSampleUITests;
			productReference = C2FEE4AC22D127DD00518CF4 /* ContactSampleUITests.xctest */;
			productType = "com.apple.product-type.bundle.ui-testing";
		};
/* End PBXNativeTarget section */

/* Begin PBXProject section */
		C2FEE48522D127C500518CF4 /* Project object */ = {
			isa = PBXProject;
			attributes = {
				CLASSPREFIX = CS;
				LastSwiftUpdateCheck = 1020;
				LastUpgradeCheck = 1020;
				ORGANIZATIONNAME = "Govind Sah";
				TargetAttributes = {
					C2FEE48C22D127C500518CF4 = {
						CreatedOnToolsVersion = 10.2.1;
					};
					C2FEE4A022D127DC00518CF4 = {
						CreatedOnToolsVersion = 10.2.1;
						TestTargetID = C2FEE48C22D127C500518CF4;
					};
					C2FEE4AB22D127DD00518CF4 = {
						CreatedOnToolsVersion = 10.2.1;
						TestTargetID = C2FEE48C22D127C500518CF4;
					};
				};
			};
			buildConfigurationList = C2FEE48822D127C500518CF4 /* Build configuration list for PBXProject "ContactSample" */;
			compatibilityVersion = "Xcode 9.3";
			developmentRegion = en;
			hasScannedForEncodings = 0;
			knownRegions = (
				en,
				Base,
			);
			mainGroup = C2FEE48422D127C500518CF4;
			productRefGroup = C2FEE48E22D127C500518CF4 /* Products */;
			projectDirPath = "";
			projectRoot = "";
			targets = (
				C2FEE48C22D127C500518CF4 /* ContactSample */,
				C2FEE4A022D127DC00518CF4 /* ContactSampleTests */,
				C2FEE4AB22D127DD00518CF4 /* ContactSampleUITests */,
			);
		};
/* End PBXProject section */

/* Begin PBXResourcesBuildPhase section */
		C2FEE48B22D127C500518CF4 /* Resources */ = {
			isa = PBXResourcesBuildPhase;
			buildActionMask = 2147483647;
			files = (
				C2779C7122D52C9700279F11 /* ContactDetail.json in Resources */,
				C2FEE49B22D127D800518CF4 /* LaunchScreen.storyboard in Resources */,
				C2FEE49822D127D800518CF4 /* Assets.xcassets in Resources */,
				C2779C7522D52D1900279F11 /* ContactDetailEdit.json in Resources */,
				C2FEE49622D127C600518CF4 /* Main.storyboard in Resources */,
				C21A424322D246DC005F5A4E /* CSDetailFieldTableViewCell.xib in Resources */,
				C2779C7422D52D1900279F11 /* ContactAdd.json in Resources */,
				C2779C6B22D51BD500279F11 /* Contacts.json in Resources */,
			);
			runOnlyForDeploymentPostprocessing = 0;
		};
		C2FEE49F22D127DC00518CF4 /* Resources */ = {
			isa = PBXResourcesBuildPhase;
			buildActionMask = 2147483647;
			files = (
			);
			runOnlyForDeploymentPostprocessing = 0;
		};
		C2FEE4AA22D127DD00518CF4 /* Resources */ = {
			isa = PBXResourcesBuildPhase;
			buildActionMask = 2147483647;
			files = (
			);
			runOnlyForDeploymentPostprocessing = 0;
		};
/* End PBXResourcesBuildPhase section */

/* Begin PBXSourcesBuildPhase section */
		C2FEE48922D127C500518CF4 /* Sources */ = {
			isa = PBXSourcesBuildPhase;
			buildActionMask = 2147483647;
			files = (
				C2FEE4E422D12F9700518CF4 /* CSResponse.swift in Sources */,
				C2FEE4F322D1499F00518CF4 /* CSAppearanceManager.swift in Sources */,
				C2FEE4EE22D134DC00518CF4 /* CSContact.swift in Sources */,
				C2192F4D22D32E07005D2756 /* CSContactDetailPresenter.swift in Sources */,
				C2FEE4EC22D1339E00518CF4 /* CSHomePresenter.swift in Sources */,
				C2FEE4DE22D12F6400518CF4 /* CSAPIManager.swift in Sources */,
				C2FEE4D022D12DE700518CF4 /* CSNetworkConstants.swift in Sources */,
				C21A424222D246DC005F5A4E /* CSDetailFieldTableViewCell.swift in Sources */,
				C219BAC422D1AE410010A87C /* CSContactDetailViewController.swift in Sources */,
				C219BAC822D1AF340010A87C /* CSAddEditContactViewController.swift in Sources */,
				C2FEE49322D127C500518CF4 /* CSContactsViewController.swift in Sources */,
				C2FEE4DA22D12F3F00518CF4 /* CSNetworkAgent.swift in Sources */,
				C2FEE4F022D13D0500518CF4 /* CSContactResponse.swift in Sources */,
				C2FEE4E222D12F8600518CF4 /* CSRequestable.swift in Sources */,
				C2FEE4DC22D12F5100518CF4 /* CSLocalAgent.swift in Sources */,
				C2FEE4D622D12F1700518CF4 /* CSAgentProtocol.swift in Sources */,
				C2FEE4E022D12F7600518CF4 /* CSEndPoint.swift in Sources */,
				C2FEE4EA22D1334700518CF4 /* CSHomeRequest.swift in Sources */,
				C2192F5022D33036005D2756 /* CSContactDetailResponse.swift in Sources */,
				C2FEE49122D127C500518CF4 /* CSAppDelegate.swift in Sources */,
				C2FEE4D822D12F2C00518CF4 /* CSBaseAgent.swift in Sources */,
				C2192F5222D359CB005D2756 /* CSAddEditContactPresenter.swift in Sources */,
				C2FEE4D422D12E1300518CF4 /* CSExtensions.swift in Sources */,
				C2FEE4E822D130C100518CF4 /* CSContactTableViewCell.swift in Sources */,
				C2FEE4E622D12FA500518CF4 /* CSResponseBaseModel.swift in Sources */,
				C2FEE4CE22D12DCC00518CF4 /* CSConstants.swift in Sources */,
				C2FEE4D222D12E0200518CF4 /* CSStoryboardExtension.swift in Sources */,
			);
			runOnlyForDeploymentPostprocessing = 0;
		};
		C2FEE49D22D127DC00518CF4 /* Sources */ = {
			isa = PBXSourcesBuildPhase;
			buildActionMask = 2147483647;
			files = (
				C21D637822D4E39C001BD028 /* CSExtensionsTests.swift in Sources */,
				C2779C6D22D529D400279F11 /* CSContactDetailPresenterTests.swift in Sources */,
				C21D637A22D50318001BD028 /* CSHomePresenterTests.swift in Sources */,
				C2779C6F22D529F200279F11 /* CSAddEditContactPresenterTests.swift in Sources */,
				C21D637622D4E0FB001BD028 /* CSNetworkAgentTests.swift in Sources */,
				C2FEE4A622D127DD00518CF4 /* ContactSampleTests.swift in Sources */,
			);
			runOnlyForDeploymentPostprocessing = 0;
		};
		C2FEE4A822D127DD00518CF4 /* Sources */ = {
			isa = PBXSourcesBuildPhase;
			buildActionMask = 2147483647;
			files = (
				C2FEE4B122D127DD00518CF4 /* ContactSampleUITests.swift in Sources */,
			);
			runOnlyForDeploymentPostprocessing = 0;
		};
/* End PBXSourcesBuildPhase section */

/* Begin PBXTargetDependency section */
		C2FEE4A322D127DC00518CF4 /* PBXTargetDependency */ = {
			isa = PBXTargetDependency;
			target = C2FEE48C22D127C500518CF4 /* ContactSample */;
			targetProxy = C2FEE4A222D127DC00518CF4 /* PBXContainerItemProxy */;
		};
		C2FEE4AE22D127DD00518CF4 /* PBXTargetDependency */ = {
			isa = PBXTargetDependency;
			target = C2FEE48C22D127C500518CF4 /* ContactSample */;
			targetProxy = C2FEE4AD22D127DD00518CF4 /* PBXContainerItemProxy */;
		};
/* End PBXTargetDependency section */

/* Begin PBXVariantGroup section */
		C2FEE49422D127C600518CF4 /* Main.storyboard */ = {
			isa = PBXVariantGroup;
			children = (
				C2FEE49522D127C600518CF4 /* Base */,
			);
			name = Main.storyboard;
			sourceTree = "<group>";
		};
		C2FEE49922D127D800518CF4 /* LaunchScreen.storyboard */ = {
			isa = PBXVariantGroup;
			children = (
				C2FEE49A22D127D800518CF4 /* Base */,
			);
			name = LaunchScreen.storyboard;
			sourceTree = "<group>";
		};
/* End PBXVariantGroup section */

/* Begin XCBuildConfiguration section */
		C2FEE4B322D127DD00518CF4 /* Debug */ = {
			isa = XCBuildConfiguration;
			buildSettings = {
				ALWAYS_SEARCH_USER_PATHS = NO;
				CLANG_ANALYZER_NONNULL = YES;
				CLANG_ANALYZER_NUMBER_OBJECT_CONVERSION = YES_AGGRESSIVE;
				CLANG_CXX_LANGUAGE_STANDARD = "gnu++14";
				CLANG_CXX_LIBRARY = "libc++";
				CLANG_ENABLE_MODULES = YES;
				CLANG_ENABLE_OBJC_ARC = YES;
				CLANG_ENABLE_OBJC_WEAK = YES;
				CLANG_WARN_BLOCK_CAPTURE_AUTORELEASING = YES;
				CLANG_WARN_BOOL_CONVERSION = YES;
				CLANG_WARN_COMMA = YES;
				CLANG_WARN_CONSTANT_CONVERSION = YES;
				CLANG_WARN_DEPRECATED_OBJC_IMPLEMENTATIONS = YES;
				CLANG_WARN_DIRECT_OBJC_ISA_USAGE = YES_ERROR;
				CLANG_WARN_DOCUMENTATION_COMMENTS = YES;
				CLANG_WARN_EMPTY_BODY = YES;
				CLANG_WARN_ENUM_CONVERSION = YES;
				CLANG_WARN_INFINITE_RECURSION = YES;
				CLANG_WARN_INT_CONVERSION = YES;
				CLANG_WARN_NON_LITERAL_NULL_CONVERSION = YES;
				CLANG_WARN_OBJC_IMPLICIT_RETAIN_SELF = YES;
				CLANG_WARN_OBJC_LITERAL_CONVERSION = YES;
				CLANG_WARN_OBJC_ROOT_CLASS = YES_ERROR;
				CLANG_WARN_RANGE_LOOP_ANALYSIS = YES;
				CLANG_WARN_STRICT_PROTOTYPES = YES;
				CLANG_WARN_SUSPICIOUS_MOVE = YES;
				CLANG_WARN_UNGUARDED_AVAILABILITY = YES_AGGRESSIVE;
				CLANG_WARN_UNREACHABLE_CODE = YES;
				CLANG_WARN__DUPLICATE_METHOD_MATCH = YES;
				CODE_SIGN_IDENTITY = "iPhone Developer";
				COPY_PHASE_STRIP = NO;
				DEBUG_INFORMATION_FORMAT = dwarf;
				ENABLE_STRICT_OBJC_MSGSEND = YES;
				ENABLE_TESTABILITY = YES;
				GCC_C_LANGUAGE_STANDARD = gnu11;
				GCC_DYNAMIC_NO_PIC = NO;
				GCC_NO_COMMON_BLOCKS = YES;
				GCC_OPTIMIZATION_LEVEL = 0;
				GCC_PREPROCESSOR_DEFINITIONS = (
					"DEBUG=1",
					"$(inherited)",
				);
				GCC_WARN_64_TO_32_BIT_CONVERSION = YES;
				GCC_WARN_ABOUT_RETURN_TYPE = YES_ERROR;
				GCC_WARN_UNDECLARED_SELECTOR = YES;
				GCC_WARN_UNINITIALIZED_AUTOS = YES_AGGRESSIVE;
				GCC_WARN_UNUSED_FUNCTION = YES;
				GCC_WARN_UNUSED_VARIABLE = YES;
				IPHONEOS_DEPLOYMENT_TARGET = 12.2;
				MTL_ENABLE_DEBUG_INFO = INCLUDE_SOURCE;
				MTL_FAST_MATH = YES;
				ONLY_ACTIVE_ARCH = YES;
				SDKROOT = iphoneos;
				SWIFT_ACTIVE_COMPILATION_CONDITIONS = DEBUG;
				SWIFT_OPTIMIZATION_LEVEL = "-Onone";
			};
			name = Debug;
		};
		C2FEE4B422D127DD00518CF4 /* Release */ = {
			isa = XCBuildConfiguration;
			buildSettings = {
				ALWAYS_SEARCH_USER_PATHS = NO;
				CLANG_ANALYZER_NONNULL = YES;
				CLANG_ANALYZER_NUMBER_OBJECT_CONVERSION = YES_AGGRESSIVE;
				CLANG_CXX_LANGUAGE_STANDARD = "gnu++14";
				CLANG_CXX_LIBRARY = "libc++";
				CLANG_ENABLE_MODULES = YES;
				CLANG_ENABLE_OBJC_ARC = YES;
				CLANG_ENABLE_OBJC_WEAK = YES;
				CLANG_WARN_BLOCK_CAPTURE_AUTORELEASING = YES;
				CLANG_WARN_BOOL_CONVERSION = YES;
				CLANG_WARN_COMMA = YES;
				CLANG_WARN_CONSTANT_CONVERSION = YES;
				CLANG_WARN_DEPRECATED_OBJC_IMPLEMENTATIONS = YES;
				CLANG_WARN_DIRECT_OBJC_ISA_USAGE = YES_ERROR;
				CLANG_WARN_DOCUMENTATION_COMMENTS = YES;
				CLANG_WARN_EMPTY_BODY = YES;
				CLANG_WARN_ENUM_CONVERSION = YES;
				CLANG_WARN_INFINITE_RECURSION = YES;
				CLANG_WARN_INT_CONVERSION = YES;
				CLANG_WARN_NON_LITERAL_NULL_CONVERSION = YES;
				CLANG_WARN_OBJC_IMPLICIT_RETAIN_SELF = YES;
				CLANG_WARN_OBJC_LITERAL_CONVERSION = YES;
				CLANG_WARN_OBJC_ROOT_CLASS = YES_ERROR;
				CLANG_WARN_RANGE_LOOP_ANALYSIS = YES;
				CLANG_WARN_STRICT_PROTOTYPES = YES;
				CLANG_WARN_SUSPICIOUS_MOVE = YES;
				CLANG_WARN_UNGUARDED_AVAILABILITY = YES_AGGRESSIVE;
				CLANG_WARN_UNREACHABLE_CODE = YES;
				CLANG_WARN__DUPLICATE_METHOD_MATCH = YES;
				CODE_SIGN_IDENTITY = "iPhone Developer";
				COPY_PHASE_STRIP = NO;
				DEBUG_INFORMATION_FORMAT = "dwarf-with-dsym";
				ENABLE_NS_ASSERTIONS = NO;
				ENABLE_STRICT_OBJC_MSGSEND = YES;
				GCC_C_LANGUAGE_STANDARD = gnu11;
				GCC_NO_COMMON_BLOCKS = YES;
				GCC_WARN_64_TO_32_BIT_CONVERSION = YES;
				GCC_WARN_ABOUT_RETURN_TYPE = YES_ERROR;
				GCC_WARN_UNDECLARED_SELECTOR = YES;
				GCC_WARN_UNINITIALIZED_AUTOS = YES_AGGRESSIVE;
				GCC_WARN_UNUSED_FUNCTION = YES;
				GCC_WARN_UNUSED_VARIABLE = YES;
				IPHONEOS_DEPLOYMENT_TARGET = 12.2;
				MTL_ENABLE_DEBUG_INFO = NO;
				MTL_FAST_MATH = YES;
				SDKROOT = iphoneos;
				SWIFT_COMPILATION_MODE = wholemodule;
				SWIFT_OPTIMIZATION_LEVEL = "-O";
				VALIDATE_PRODUCT = YES;
			};
			name = Release;
		};
		C2FEE4B622D127DD00518CF4 /* Debug */ = {
			isa = XCBuildConfiguration;
			buildSettings = {
				ASSETCATALOG_COMPILER_APPICON_NAME = AppIcon;
				CODE_SIGN_STYLE = Automatic;
				INFOPLIST_FILE = ContactSample/Info.plist;
				LD_RUNPATH_SEARCH_PATHS = (
					"$(inherited)",
					"@executable_path/Frameworks",
				);
				PRODUCT_BUNDLE_IDENTIFIER = com.govindsah.ContactSample;
				PRODUCT_NAME = "$(TARGET_NAME)";
				SWIFT_VERSION = 5.0;
				TARGETED_DEVICE_FAMILY = "1,2";
			};
			name = Debug;
		};
		C2FEE4B722D127DD00518CF4 /* Release */ = {
			isa = XCBuildConfiguration;
			buildSettings = {
				ASSETCATALOG_COMPILER_APPICON_NAME = AppIcon;
				CODE_SIGN_STYLE = Automatic;
				INFOPLIST_FILE = ContactSample/Info.plist;
				LD_RUNPATH_SEARCH_PATHS = (
					"$(inherited)",
					"@executable_path/Frameworks",
				);
				PRODUCT_BUNDLE_IDENTIFIER = com.govindsah.ContactSample;
				PRODUCT_NAME = "$(TARGET_NAME)";
				SWIFT_VERSION = 5.0;
				TARGETED_DEVICE_FAMILY = "1,2";
			};
			name = Release;
		};
		C2FEE4B922D127DD00518CF4 /* Debug */ = {
			isa = XCBuildConfiguration;
			buildSettings = {
				ALWAYS_EMBED_SWIFT_STANDARD_LIBRARIES = YES;
				BUNDLE_LOADER = "$(TEST_HOST)";
				CODE_SIGN_STYLE = Automatic;
				INFOPLIST_FILE = ContactSampleTests/Info.plist;
				LD_RUNPATH_SEARCH_PATHS = (
					"$(inherited)",
					"@executable_path/Frameworks",
					"@loader_path/Frameworks",
				);
				PRODUCT_BUNDLE_IDENTIFIER = com.govindsah.ContactSampleTests;
				PRODUCT_NAME = "$(TARGET_NAME)";
				SWIFT_VERSION = 5.0;
				TARGETED_DEVICE_FAMILY = "1,2";
				TEST_HOST = "$(BUILT_PRODUCTS_DIR)/ContactSample.app/ContactSample";
			};
			name = Debug;
		};
		C2FEE4BA22D127DD00518CF4 /* Release */ = {
			isa = XCBuildConfiguration;
			buildSettings = {
				ALWAYS_EMBED_SWIFT_STANDARD_LIBRARIES = YES;
				BUNDLE_LOADER = "$(TEST_HOST)";
				CODE_SIGN_STYLE = Automatic;
				INFOPLIST_FILE = ContactSampleTests/Info.plist;
				LD_RUNPATH_SEARCH_PATHS = (
					"$(inherited)",
					"@executable_path/Frameworks",
					"@loader_path/Frameworks",
				);
				PRODUCT_BUNDLE_IDENTIFIER = com.govindsah.ContactSampleTests;
				PRODUCT_NAME = "$(TARGET_NAME)";
				SWIFT_VERSION = 5.0;
				TARGETED_DEVICE_FAMILY = "1,2";
				TEST_HOST = "$(BUILT_PRODUCTS_DIR)/ContactSample.app/ContactSample";
			};
			name = Release;
		};
		C2FEE4BC22D127DD00518CF4 /* Debug */ = {
			isa = XCBuildConfiguration;
			buildSettings = {
				ALWAYS_EMBED_SWIFT_STANDARD_LIBRARIES = YES;
				CODE_SIGN_STYLE = Automatic;
				INFOPLIST_FILE = ContactSampleUITests/Info.plist;
				LD_RUNPATH_SEARCH_PATHS = (
					"$(inherited)",
					"@executable_path/Frameworks",
					"@loader_path/Frameworks",
				);
				PRODUCT_BUNDLE_IDENTIFIER = com.govindsah.ContactSampleUITests;
				PRODUCT_NAME = "$(TARGET_NAME)";
				SWIFT_VERSION = 5.0;
				TARGETED_DEVICE_FAMILY = "1,2";
				TEST_TARGET_NAME = ContactSample;
			};
			name = Debug;
		};
		C2FEE4BD22D127DD00518CF4 /* Release */ = {
			isa = XCBuildConfiguration;
			buildSettings = {
				ALWAYS_EMBED_SWIFT_STANDARD_LIBRARIES = YES;
				CODE_SIGN_STYLE = Automatic;
				INFOPLIST_FILE = ContactSampleUITests/Info.plist;
				LD_RUNPATH_SEARCH_PATHS = (
					"$(inherited)",
					"@executable_path/Frameworks",
					"@loader_path/Frameworks",
				);
				PRODUCT_BUNDLE_IDENTIFIER = com.govindsah.ContactSampleUITests;
				PRODUCT_NAME = "$(TARGET_NAME)";
				SWIFT_VERSION = 5.0;
				TARGETED_DEVICE_FAMILY = "1,2";
				TEST_TARGET_NAME = ContactSample;
			};
			name = Release;
		};
/* End XCBuildConfiguration section */

/* Begin XCConfigurationList section */
		C2FEE48822D127C500518CF4 /* Build configuration list for PBXProject "ContactSample" */ = {
			isa = XCConfigurationList;
			buildConfigurations = (
				C2FEE4B322D127DD00518CF4 /* Debug */,
				C2FEE4B422D127DD00518CF4 /* Release */,
			);
			defaultConfigurationIsVisible = 0;
			defaultConfigurationName = Release;
		};
		C2FEE4B522D127DD00518CF4 /* Build configuration list for PBXNativeTarget "ContactSample" */ = {
			isa = XCConfigurationList;
			buildConfigurations = (
				C2FEE4B622D127DD00518CF4 /* Debug */,
				C2FEE4B722D127DD00518CF4 /* Release */,
			);
			defaultConfigurationIsVisible = 0;
			defaultConfigurationName = Release;
		};
		C2FEE4B822D127DD00518CF4 /* Build configuration list for PBXNativeTarget "ContactSampleTests" */ = {
			isa = XCConfigurationList;
			buildConfigurations = (
				C2FEE4B922D127DD00518CF4 /* Debug */,
				C2FEE4BA22D127DD00518CF4 /* Release */,
			);
			defaultConfigurationIsVisible = 0;
			defaultConfigurationName = Release;
		};
		C2FEE4BB22D127DD00518CF4 /* Build configuration list for PBXNativeTarget "ContactSampleUITests" */ = {
			isa = XCConfigurationList;
			buildConfigurations = (
				C2FEE4BC22D127DD00518CF4 /* Debug */,
				C2FEE4BD22D127DD00518CF4 /* Release */,
			);
			defaultConfigurationIsVisible = 0;
			defaultConfigurationName = Release;
		};
/* End XCConfigurationList section */
	};
	rootObject = C2FEE48522D127C500518CF4 /* Project object */;
}
